
Microsoft Visual Studio Solution File, Format Version 12.00
# Visual Studio Version 17
VisualStudioVersion = 17.3.32929.385
MinimumVisualStudioVersion = 10.0.40219.1
Project("{FAE04EC0-301F-11D3-BF4B-00C04F79EFBC}") = "LibreriaTransportes", "LibreriaTransportes\LibreriaTransportes.csproj", "{5DD61243-05D2-4D5B-BCA6-CE2DEFF28DFA}"
EndProject
Project("{FAE04EC0-301F-11D3-BF4B-00C04F79EFBC}") = "WindowsAppTransporte", "WindowsAppTransporte\WindowsAppTransporte.csproj", "{C63A1EAF-6C34-4B41-A80D-767EB90BFFAE}"
EndProject
Global
	GlobalSection(SolutionConfigurationPlatforms) = preSolution
		Debug|Any CPU = Debug|Any CPU
		Release|Any CPU = Release|Any CPU
	EndGlobalSection
	GlobalSection(ProjectConfigurationPlatforms) = postSolution
		{5DD61243-05D2-4D5B-BCA6-CE2DEFF28DFA}.Debug|Any CPU.ActiveCfg = Debug|Any CPU
		{5DD61243-05D2-4D5B-BCA6-CE2DEFF28DFA}.Debug|Any CPU.Build.0 = Debug|Any CPU
		{5DD61243-05D2-4D5B-BCA6-CE2DEFF28DFA}.Release|Any CPU.ActiveCfg = Release|Any CPU
		{5DD61243-05D2-4D5B-BCA6-CE2DEFF28DFA}.Release|Any CPU.Build.0 = Release|Any CPU
		{C63A1EAF-6C34-4B41-A80D-767EB90BFFAE}.Debug|Any CPU.ActiveCfg = Debug|Any CPU
		{C63A1EAF-6C34-4B41-A80D-767EB90BFFAE}.Debug|Any CPU.Build.0 = Debug|Any CPU
		{C63A1EAF-6C34-4B41-A80D-767EB90BFFAE}.Release|Any CPU.ActiveCfg = Release|Any CPU
		{C63A1EAF-6C34-4B41-A80D-767EB90BFFAE}.Release|Any CPU.Build.0 = Release|Any CPU
	EndGlobalSection
	GlobalSection(SolutionProperties) = preSolution
		HideSolutionNode = FALSE
	EndGlobalSection
	GlobalSection(ExtensibilityGlobals) = postSolution
		SolutionGuid = {60BFC101-6643-4DA6-9137-17F88D110B06}
	EndGlobalSection
EndGlobal
